
Microsoft Visual Studio Solution File, Format Version 12.00
# Visual Studio Version 16
VisualStudioVersion = 16.0.28803.352
MinimumVisualStudioVersion = 10.0.40219.1
Project("{2150E333-8FDC-42A3-9474-1A3956D46DE8}") = "Solution Items", "Solution Items", "{0DC8A1B5-B9B2-436D-A26C-D545E9C71503}"
EndProject
Project("{FAE04EC0-301F-11D3-BF4B-00C04F79EFBC}") = "yashgen_windows", "yashgen\yashgen_windows.csproj", "{86FA8B05-9B45-4AE8-A4D8-6E6F1A98083C}"
EndProject
Project("{FAE04EC0-301F-11D3-BF4B-00C04F79EFBC}") = "yashgen_linux", "yashgen\yashgen_linux.csproj", "{34C57A1D-4C0A-4E21-BF08-6CD637693637}"
EndProject
Global
	GlobalSection(SolutionConfigurationPlatforms) = preSolution
		Debug|Any CPU = Debug|Any CPU
		Release|Any CPU = Release|Any CPU
	EndGlobalSection
	GlobalSection(ProjectConfigurationPlatforms) = postSolution
		{86FA8B05-9B45-4AE8-A4D8-6E6F1A98083C}.Debug|Any CPU.ActiveCfg = Debug|Any CPU
		{86FA8B05-9B45-4AE8-A4D8-6E6F1A98083C}.Debug|Any CPU.Build.0 = Debug|Any CPU
		{86FA8B05-9B45-4AE8-A4D8-6E6F1A98083C}.Release|Any CPU.ActiveCfg = Release|Any CPU
		{86FA8B05-9B45-4AE8-A4D8-6E6F1A98083C}.Release|Any CPU.Build.0 = Release|Any CPU
		{34C57A1D-4C0A-4E21-BF08-6CD637693637}.Debug|Any CPU.ActiveCfg = Debug|Any CPU
		{34C57A1D-4C0A-4E21-BF08-6CD637693637}.Debug|Any CPU.Build.0 = Debug|Any CPU
		{34C57A1D-4C0A-4E21-BF08-6CD637693637}.Release|Any CPU.ActiveCfg = Release|Any CPU
		{34C57A1D-4C0A-4E21-BF08-6CD637693637}.Release|Any CPU.Build.0 = Release|Any CPU
	EndGlobalSection
	GlobalSection(SolutionProperties) = preSolution
		HideSolutionNode = FALSE
	EndGlobalSection
	GlobalSection(ExtensibilityGlobals) = postSolution
		SolutionGuid = {FEDB9C9C-DB17-4BAA-B928-9E0FB18E7E0E}
	EndGlobalSection
EndGlobal
